
Microsoft Visual Studio Solution File, Format Version 12.00
# Visual Studio Version 17
VisualStudioVersion = 17.1.32421.90
MinimumVisualStudioVersion = 10.0.40219.1
Project("{FAE04EC0-301F-11D3-BF4B-00C04F79EFBC}") = "Basketball OOP", "Basketball OOP.csproj", "{5090C35C-BA4A-4E23-937D-52658D1A4B65}"
EndProject
Global
	GlobalSection(SolutionConfigurationPlatforms) = preSolution
		Debug|Any CPU = Debug|Any CPU
		Release|Any CPU = Release|Any CPU
	EndGlobalSection
	GlobalSection(ProjectConfigurationPlatforms) = postSolution
		{5090C35C-BA4A-4E23-937D-52658D1A4B65}.Debug|Any CPU.ActiveCfg = Debug|Any CPU
		{5090C35C-BA4A-4E23-937D-52658D1A4B65}.Debug|Any CPU.Build.0 = Debug|Any CPU
		{5090C35C-BA4A-4E23-937D-52658D1A4B65}.Release|Any CPU.ActiveCfg = Release|Any CPU
		{5090C35C-BA4A-4E23-937D-52658D1A4B65}.Release|Any CPU.Build.0 = Release|Any CPU
	EndGlobalSection
	GlobalSection(SolutionProperties) = preSolution
		HideSolutionNode = FALSE
	EndGlobalSection
	GlobalSection(ExtensibilityGlobals) = postSolution
		SolutionGuid = {1555640B-0745-49AB-B8CB-1183101EDA4A}
	EndGlobalSection
EndGlobal
